// !$*UTF8*$!
{
	archiveVersion = 1;
	classes = {
	};
	objectVersion = 46;
	objects = {

/* Begin PBXGroup section */
		AC7F25A91A7D46EA001DE837 = {
			isa = PBXGroup;
			children = (
			);
			sourceTree = "<group>";
		};
/* End PBXGroup section */

/* Begin PBXProject section */
		AC7F25AA1A7D46EA001DE837 /* Project object */ = {
			isa = PBXProject;
			attributes = {
				LastUpgradeCheck = 0600;
			};
			buildConfigurationList = AC7F25AD1A7D46EA001DE837 /* Build configuration list for PBXProject "conditionals" */;
			compatibilityVersion = "Xcode 3.2";
			developmentRegion = English;
			hasScannedForEncodings = 0;
			knownRegions = (
				en,
			);
			mainGroup = AC7F25A91A7D46EA001DE837;
			projectDirPath = "";
			projectRoot = "";
			targets = (
			);
		};
/* End PBXProject section */

/* Begin XCBuildConfiguration section */
		AC7F25AE1A7D46EA001DE837 /* Debug */ = {
			isa = XCBuildConfiguration;
			buildSettings = {
			};
			name = Debug;
		};
		AC7F25AF1A7D46EA001DE837 /* Release */ = {
			isa = XCBuildConfiguration;
			buildSettings = {
			};
			name = Release;
		};
/* End XCBuildConfiguration section */

/* Begin XCConfigurationList section */
		AC7F25AD1A7D46EA001DE837 /* Build configuration list for PBXProject "conditionals" */ = {
			isa = XCConfigurationList;
			buildConfigurations = (
				AC7F25AE1A7D46EA001DE837 /* Debug */,
				AC7F25AF1A7D46EA001DE837 /* Release */,
			);
			defaultConfigurationIsVisible = 0;
			defaultConfigurationName = Release;
		};
/* End XCConfigurationList section */
	};
	rootObject = AC7F25AA1A7D46EA001DE837 /* Project object */;
}
