// !$*UTF8*$!
{
	archiveVersion = 1;
	classes = {
	};
	objectVersion = 46;
	objects = {

/* Begin PBXBuildFile section */
		AC7F25541A7C8F6C001DE837 /* main.m in Sources */ = {isa = PBXBuildFile; fileRef = AC7F25531A7C8F6C001DE837 /* main.m */; };
		AC7F25571A7C8F6C001DE837 /* AppDelegate.m in Sources */ = {isa = PBXBuildFile; fileRef = AC7F25561A7C8F6C001DE837 /* AppDelegate.m */; };
		AC7F255A1A7C8F6C001DE837 /* ViewController.m in Sources */ = {isa = PBXBuildFile; fileRef = AC7F25591A7C8F6C001DE837 /* ViewController.m */; };
		AC7F255D1A7C8F6C001DE837 /* Main.storyboard in Resources */ = {isa = PBXBuildFile; fileRef = AC7F255B1A7C8F6C001DE837 /* Main.storyboard */; };
		AC7F255F1A7C8F6C001DE837 /* Images.xcassets in Resources */ = {isa = PBXBuildFile; fileRef = AC7F255E1A7C8F6C001DE837 /* Images.xcassets */; };
		AC7F25621A7C8F6C001DE837 /* LaunchScreen.xib in Resources */ = {isa = PBXBuildFile; fileRef = AC7F25601A7C8F6C001DE837 /* LaunchScreen.xib */; };
		AC7F256E1A7C8F6C001DE837 /* first_projectTests.m in Sources */ = {isa = PBXBuildFile; fileRef = AC7F256D1A7C8F6C001DE837 /* first_projectTests.m */; };
/* End PBXBuildFile section */

/* Begin PBXContainerItemProxy section */
		AC7F25681A7C8F6C001DE837 /* PBXContainerItemProxy */ = {
			isa = PBXContainerItemProxy;
			containerPortal = AC7F25461A7C8F6C001DE837 /* Project object */;
			proxyType = 1;
			remoteGlobalIDString = AC7F254D1A7C8F6C001DE837;
			remoteInfo = "first project";
		};
/* End PBXContainerItemProxy section */

/* Begin PBXFileReference section */
		AC7F254E1A7C8F6C001DE837 /* first project.app */ = {isa = PBXFileReference; explicitFileType = wrapper.application; includeInIndex = 0; path = "first project.app"; sourceTree = BUILT_PRODUCTS_DIR; };
		AC7F25521A7C8F6C001DE837 /* Info.plist */ = {isa = PBXFileReference; lastKnownFileType = text.plist.xml; path = Info.plist; sourceTree = "<group>"; };
		AC7F25531A7C8F6C001DE837 /* main.m */ = {isa = PBXFileReference; lastKnownFileType = sourcecode.c.objc; path = main.m; sourceTree = "<group>"; };
		AC7F25551A7C8F6C001DE837 /* AppDelegate.h */ = {isa = PBXFileReference; lastKnownFileType = sourcecode.c.h; path = AppDelegate.h; sourceTree = "<group>"; };
		AC7F25561A7C8F6C001DE837 /* AppDelegate.m */ = {isa = PBXFileReference; lastKnownFileType = sourcecode.c.objc; path = AppDelegate.m; sourceTree = "<group>"; };
		AC7F25581A7C8F6C001DE837 /* ViewController.h */ = {isa = PBXFileReference; lastKnownFileType = sourcecode.c.h; path = ViewController.h; sourceTree = "<group>"; };
		AC7F25591A7C8F6C001DE837 /* ViewController.m */ = {isa = PBXFileReference; lastKnownFileType = sourcecode.c.objc; path = ViewController.m; sourceTree = "<group>"; };
		AC7F255C1A7C8F6C001DE837 /* Base */ = {isa = PBXFileReference; lastKnownFileType = file.storyboard; name = Base; path = Base.lproj/Main.storyboard; sourceTree = "<group>"; };
		AC7F255E1A7C8F6C001DE837 /* Images.xcassets */ = {isa = PBXFileReference; lastKnownFileType = folder.assetcatalog; path = Images.xcassets; sourceTree = "<group>"; };
		AC7F25611A7C8F6C001DE837 /* Base */ = {isa = PBXFileReference; lastKnownFileType = file.xib; name = Base; path = Base.lproj/LaunchScreen.xib; sourceTree = "<group>"; };
		AC7F25671A7C8F6C001DE837 /* first projectTests.xctest */ = {isa = PBXFileReference; explicitFileType = wrapper.cfbundle; includeInIndex = 0; path = "first projectTests.xctest"; sourceTree = BUILT_PRODUCTS_DIR; };
		AC7F256C1A7C8F6C001DE837 /* Info.plist */ = {isa = PBXFileReference; lastKnownFileType = text.plist.xml; path = Info.plist; sourceTree = "<group>"; };
		AC7F256D1A7C8F6C001DE837 /* first_projectTests.m */ = {isa = PBXFileReference; lastKnownFileType = sourcecode.c.objc; path = first_projectTests.m; sourceTree = "<group>"; };
/* End PBXFileReference section */

/* Begin PBXFrameworksBuildPhase section */
		AC7F254B1A7C8F6C001DE837 /* Frameworks */ = {
			isa = PBXFrameworksBuildPhase;
			buildActionMask = 2147483647;
			files = (
			);
			runOnlyForDeploymentPostprocessing = 0;
		};
		AC7F25641A7C8F6C001DE837 /* Frameworks */ = {
			isa = PBXFrameworksBuildPhase;
			buildActionMask = 2147483647;
			files = (
			);
			runOnlyForDeploymentPostprocessing = 0;
		};
/* End PBXFrameworksBuildPhase section */

/* Begin PBXGroup section */
		AC7F25451A7C8F6C001DE837 = {
			isa = PBXGroup;
			children = (
				AC7F25501A7C8F6C001DE837 /* first project */,
				AC7F256A1A7C8F6C001DE837 /* first projectTests */,
				AC7F254F1A7C8F6C001DE837 /* Products */,
			);
			sourceTree = "<group>";
		};
		AC7F254F1A7C8F6C001DE837 /* Products */ = {
			isa = PBXGroup;
			children = (
				AC7F254E1A7C8F6C001DE837 /* first project.app */,
				AC7F25671A7C8F6C001DE837 /* first projectTests.xctest */,
			);
			name = Products;
			sourceTree = "<group>";
		};
		AC7F25501A7C8F6C001DE837 /* first project */ = {
			isa = PBXGroup;
			children = (
				AC7F25551A7C8F6C001DE837 /* AppDelegate.h */,
				AC7F25561A7C8F6C001DE837 /* AppDelegate.m */,
				AC7F25581A7C8F6C001DE837 /* ViewController.h */,
				AC7F25591A7C8F6C001DE837 /* ViewController.m */,
				AC7F255B1A7C8F6C001DE837 /* Main.storyboard */,
				AC7F255E1A7C8F6C001DE837 /* Images.xcassets */,
				AC7F25601A7C8F6C001DE837 /* LaunchScreen.xib */,
				AC7F25511A7C8F6C001DE837 /* Supporting Files */,
			);
			path = "first project";
			sourceTree = "<group>";
		};
		AC7F25511A7C8F6C001DE837 /* Supporting Files */ = {
			isa = PBXGroup;
			children = (
				AC7F25521A7C8F6C001DE837 /* Info.plist */,
				AC7F25531A7C8F6C001DE837 /* main.m */,
			);
			name = "Supporting Files";
			sourceTree = "<group>";
		};
		AC7F256A1A7C8F6C001DE837 /* first projectTests */ = {
			isa = PBXGroup;
			children = (
				AC7F256D1A7C8F6C001DE837 /* first_projectTests.m */,
				AC7F256B1A7C8F6C001DE837 /* Supporting Files */,
			);
			path = "first projectTests";
			sourceTree = "<group>";
		};
		AC7F256B1A7C8F6C001DE837 /* Supporting Files */ = {
			isa = PBXGroup;
			children = (
				AC7F256C1A7C8F6C001DE837 /* Info.plist */,
			);
			name = "Supporting Files";
			sourceTree = "<group>";
		};
/* End PBXGroup section */

/* Begin PBXNativeTarget section */
		AC7F254D1A7C8F6C001DE837 /* first project */ = {
			isa = PBXNativeTarget;
			buildConfigurationList = AC7F25711A7C8F6C001DE837 /* Build configuration list for PBXNativeTarget "first project" */;
			buildPhases = (
				AC7F254A1A7C8F6C001DE837 /* Sources */,
				AC7F254B1A7C8F6C001DE837 /* Frameworks */,
				AC7F254C1A7C8F6C001DE837 /* Resources */,
			);
			buildRules = (
			);
			dependencies = (
			);
			name = "first project";
			productName = "first project";
			productReference = AC7F254E1A7C8F6C001DE837 /* first project.app */;
			productType = "com.apple.product-type.application";
		};
		AC7F25661A7C8F6C001DE837 /* first projectTests */ = {
			isa = PBXNativeTarget;
			buildConfigurationList = AC7F25741A7C8F6C001DE837 /* Build configuration list for PBXNativeTarget "first projectTests" */;
			buildPhases = (
				AC7F25631A7C8F6C001DE837 /* Sources */,
				AC7F25641A7C8F6C001DE837 /* Frameworks */,
				AC7F25651A7C8F6C001DE837 /* Resources */,
			);
			buildRules = (
			);
			dependencies = (
				AC7F25691A7C8F6C001DE837 /* PBXTargetDependency */,
			);
			name = "first projectTests";
			productName = "first projectTests";
			productReference = AC7F25671A7C8F6C001DE837 /* first projectTests.xctest */;
			productType = "com.apple.product-type.bundle.unit-test";
		};
/* End PBXNativeTarget section */

/* Begin PBXProject section */
		AC7F25461A7C8F6C001DE837 /* Project object */ = {
			isa = PBXProject;
			attributes = {
				LastUpgradeCheck = 0600;
				ORGANIZATIONNAME = calhenrie;
				TargetAttributes = {
					AC7F254D1A7C8F6C001DE837 = {
						CreatedOnToolsVersion = 6.0.1;
					};
					AC7F25661A7C8F6C001DE837 = {
						CreatedOnToolsVersion = 6.0.1;
						TestTargetID = AC7F254D1A7C8F6C001DE837;
					};
				};
			};
			buildConfigurationList = AC7F25491A7C8F6C001DE837 /* Build configuration list for PBXProject "first project" */;
			compatibilityVersion = "Xcode 3.2";
			developmentRegion = English;
			hasScannedForEncodings = 0;
			knownRegions = (
				en,
				Base,
			);
			mainGroup = AC7F25451A7C8F6C001DE837;
			productRefGroup = AC7F254F1A7C8F6C001DE837 /* Products */;
			projectDirPath = "";
			projectRoot = "";
			targets = (
				AC7F254D1A7C8F6C001DE837 /* first project */,
				AC7F25661A7C8F6C001DE837 /* first projectTests */,
			);
		};
/* End PBXProject section */

/* Begin PBXResourcesBuildPhase section */
		AC7F254C1A7C8F6C001DE837 /* Resources */ = {
			isa = PBXResourcesBuildPhase;
			buildActionMask = 2147483647;
			files = (
				AC7F255D1A7C8F6C001DE837 /* Main.storyboard in Resources */,
				AC7F25621A7C8F6C001DE837 /* LaunchScreen.xib in Resources */,
				AC7F255F1A7C8F6C001DE837 /* Images.xcassets in Resources */,
			);
			runOnlyForDeploymentPostprocessing = 0;
		};
		AC7F25651A7C8F6C001DE837 /* Resources */ = {
			isa = PBXResourcesBuildPhase;
			buildActionMask = 2147483647;
			files = (
			);
			runOnlyForDeploymentPostprocessing = 0;
		};
/* End PBXResourcesBuildPhase section */

/* Begin PBXSourcesBuildPhase section */
		AC7F254A1A7C8F6C001DE837 /* Sources */ = {
			isa = PBXSourcesBuildPhase;
			buildActionMask = 2147483647;
			files = (
				AC7F255A1A7C8F6C001DE837 /* ViewController.m in Sources */,
				AC7F25571A7C8F6C001DE837 /* AppDelegate.m in Sources */,
				AC7F25541A7C8F6C001DE837 /* main.m in Sources */,
			);
			runOnlyForDeploymentPostprocessing = 0;
		};
		AC7F25631A7C8F6C001DE837 /* Sources */ = {
			isa = PBXSourcesBuildPhase;
			buildActionMask = 2147483647;
			files = (
				AC7F256E1A7C8F6C001DE837 /* first_projectTests.m in Sources */,
			);
			runOnlyForDeploymentPostprocessing = 0;
		};
/* End PBXSourcesBuildPhase section */

/* Begin PBXTargetDependency section */
		AC7F25691A7C8F6C001DE837 /* PBXTargetDependency */ = {
			isa = PBXTargetDependency;
			target = AC7F254D1A7C8F6C001DE837 /* first project */;
			targetProxy = AC7F25681A7C8F6C001DE837 /* PBXContainerItemProxy */;
		};
/* End PBXTargetDependency section */

/* Begin PBXVariantGroup section */
		AC7F255B1A7C8F6C001DE837 /* Main.storyboard */ = {
			isa = PBXVariantGroup;
			children = (
				AC7F255C1A7C8F6C001DE837 /* Base */,
			);
			name = Main.storyboard;
			sourceTree = "<group>";
		};
		AC7F25601A7C8F6C001DE837 /* LaunchScreen.xib */ = {
			isa = PBXVariantGroup;
			children = (
				AC7F25611A7C8F6C001DE837 /* Base */,
			);
			name = LaunchScreen.xib;
			sourceTree = "<group>";
		};
/* End PBXVariantGroup section */

/* Begin XCBuildConfiguration section */
		AC7F256F1A7C8F6C001DE837 /* Debug */ = {
			isa = XCBuildConfiguration;
			buildSettings = {
				ALWAYS_SEARCH_USER_PATHS = NO;
				CLANG_CXX_LANGUAGE_STANDARD = "gnu++0x";
				CLANG_CXX_LIBRARY = "libc++";
				CLANG_ENABLE_MODULES = YES;
				CLANG_ENABLE_OBJC_ARC = YES;
				CLANG_WARN_BOOL_CONVERSION = YES;
				CLANG_WARN_CONSTANT_CONVERSION = YES;
				CLANG_WARN_DIRECT_OBJC_ISA_USAGE = YES_ERROR;
				CLANG_WARN_EMPTY_BODY = YES;
				CLANG_WARN_ENUM_CONVERSION = YES;
				CLANG_WARN_INT_CONVERSION = YES;
				CLANG_WARN_OBJC_ROOT_CLASS = YES_ERROR;
				CLANG_WARN_UNREACHABLE_CODE = YES;
				CLANG_WARN__DUPLICATE_METHOD_MATCH = YES;
				"CODE_SIGN_IDENTITY[sdk=iphoneos*]" = "iPhone Developer";
				COPY_PHASE_STRIP = NO;
				ENABLE_STRICT_OBJC_MSGSEND = YES;
				GCC_C_LANGUAGE_STANDARD = gnu99;
				GCC_DYNAMIC_NO_PIC = NO;
				GCC_OPTIMIZATION_LEVEL = 0;
				GCC_PREPROCESSOR_DEFINITIONS = (
					"DEBUG=1",
					"$(inherited)",
				);
				GCC_SYMBOLS_PRIVATE_EXTERN = NO;
				GCC_WARN_64_TO_32_BIT_CONVERSION = YES;
				GCC_WARN_ABOUT_RETURN_TYPE = YES_ERROR;
				GCC_WARN_UNDECLARED_SELECTOR = YES;
				GCC_WARN_UNINITIALIZED_AUTOS = YES_AGGRESSIVE;
				GCC_WARN_UNUSED_FUNCTION = YES;
				GCC_WARN_UNUSED_VARIABLE = YES;
				IPHONEOS_DEPLOYMENT_TARGET = 8.0;
				MTL_ENABLE_DEBUG_INFO = YES;
				ONLY_ACTIVE_ARCH = YES;
				SDKROOT = iphoneos;
				TARGETED_DEVICE_FAMILY = "1,2";
			};
			name = Debug;
		};
		AC7F25701A7C8F6C001DE837 /* Release */ = {
			isa = XCBuildConfiguration;
			buildSettings = {
				ALWAYS_SEARCH_USER_PATHS = NO;
				CLANG_CXX_LANGUAGE_STANDARD = "gnu++0x";
				CLANG_CXX_LIBRARY = "libc++";
				CLANG_ENABLE_MODULES = YES;
				CLANG_ENABLE_OBJC_ARC = YES;
				CLANG_WARN_BOOL_CONVERSION = YES;
				CLANG_WARN_CONSTANT_CONVERSION = YES;
				CLANG_WARN_DIRECT_OBJC_ISA_USAGE = YES_ERROR;
				CLANG_WARN_EMPTY_BODY = YES;
				CLANG_WARN_ENUM_CONVERSION = YES;
				CLANG_WARN_INT_CONVERSION = YES;
				CLANG_WARN_OBJC_ROOT_CLASS = YES_ERROR;
				CLANG_WARN_UNREACHABLE_CODE = YES;
				CLANG_WARN__DUPLICATE_METHOD_MATCH = YES;
				"CODE_SIGN_IDENTITY[sdk=iphoneos*]" = "iPhone Developer";
				COPY_PHASE_STRIP = YES;
				ENABLE_NS_ASSERTIONS = NO;
				ENABLE_STRICT_OBJC_MSGSEND = YES;
				GCC_C_LANGUAGE_STANDARD = gnu99;
				GCC_WARN_64_TO_32_BIT_CONVERSION = YES;
				GCC_WARN_ABOUT_RETURN_TYPE = YES_ERROR;
				GCC_WARN_UNDECLARED_SELECTOR = YES;
				GCC_WARN_UNINITIALIZED_AUTOS = YES_AGGRESSIVE;
				GCC_WARN_UNUSED_FUNCTION = YES;
				GCC_WARN_UNUSED_VARIABLE = YES;
				IPHONEOS_DEPLOYMENT_TARGET = 8.0;
				MTL_ENABLE_DEBUG_INFO = NO;
				SDKROOT = iphoneos;
				TARGETED_DEVICE_FAMILY = "1,2";
				VALIDATE_PRODUCT = YES;
			};
			name = Release;
		};
		AC7F25721A7C8F6C001DE837 /* Debug */ = {
			isa = XCBuildConfiguration;
			buildSettings = {
				ASSETCATALOG_COMPILER_APPICON_NAME = AppIcon;
				INFOPLIST_FILE = "first project/Info.plist";
				LD_RUNPATH_SEARCH_PATHS = "$(inherited) @executable_path/Frameworks";
				PRODUCT_NAME = "$(TARGET_NAME)";
			};
			name = Debug;
		};
		AC7F25731A7C8F6C001DE837 /* Release */ = {
			isa = XCBuildConfiguration;
			buildSettings = {
				ASSETCATALOG_COMPILER_APPICON_NAME = AppIcon;
				INFOPLIST_FILE = "first project/Info.plist";
				LD_RUNPATH_SEARCH_PATHS = "$(inherited) @executable_path/Frameworks";
				PRODUCT_NAME = "$(TARGET_NAME)";
			};
			name = Release;
		};
		AC7F25751A7C8F6C001DE837 /* Debug */ = {
			isa = XCBuildConfiguration;
			buildSettings = {
				BUNDLE_LOADER = "$(TEST_HOST)";
				FRAMEWORK_SEARCH_PATHS = (
					"$(SDKROOT)/Developer/Library/Frameworks",
					"$(inherited)",
				);
				GCC_PREPROCESSOR_DEFINITIONS = (
					"DEBUG=1",
					"$(inherited)",
				);
				INFOPLIST_FILE = "first projectTests/Info.plist";
				LD_RUNPATH_SEARCH_PATHS = "$(inherited) @executable_path/Frameworks @loader_path/Frameworks";
				PRODUCT_NAME = "$(TARGET_NAME)";
				TEST_HOST = "$(BUILT_PRODUCTS_DIR)/first project.app/first project";
			};
			name = Debug;
		};
		AC7F25761A7C8F6C001DE837 /* Release */ = {
			isa = XCBuildConfiguration;
			buildSettings = {
				BUNDLE_LOADER = "$(TEST_HOST)";
				FRAMEWORK_SEARCH_PATHS = (
					"$(SDKROOT)/Developer/Library/Frameworks",
					"$(inherited)",
				);
				INFOPLIST_FILE = "first projectTests/Info.plist";
				LD_RUNPATH_SEARCH_PATHS = "$(inherited) @executable_path/Frameworks @loader_path/Frameworks";
				PRODUCT_NAME = "$(TARGET_NAME)";
				TEST_HOST = "$(BUILT_PRODUCTS_DIR)/first project.app/first project";
			};
			name = Release;
		};
/* End XCBuildConfiguration section */

/* Begin XCConfigurationList section */
		AC7F25491A7C8F6C001DE837 /* Build configuration list for PBXProject "first project" */ = {
			isa = XCConfigurationList;
			buildConfigurations = (
				AC7F256F1A7C8F6C001DE837 /* Debug */,
				AC7F25701A7C8F6C001DE837 /* Release */,
			);
			defaultConfigurationIsVisible = 0;
			defaultConfigurationName = Release;
		};
		AC7F25711A7C8F6C001DE837 /* Build configuration list for PBXNativeTarget "first project" */ = {
			isa = XCConfigurationList;
			buildConfigurations = (
				AC7F25721A7C8F6C001DE837 /* Debug */,
				AC7F25731A7C8F6C001DE837 /* Release */,
			);
			defaultConfigurationIsVisible = 0;
		};
		AC7F25741A7C8F6C001DE837 /* Build configuration list for PBXNativeTarget "first projectTests" */ = {
			isa = XCConfigurationList;
			buildConfigurations = (
				AC7F25751A7C8F6C001DE837 /* Debug */,
				AC7F25761A7C8F6C001DE837 /* Release */,
			);
			defaultConfigurationIsVisible = 0;
		};
/* End XCConfigurationList section */
	};
	rootObject = AC7F25461A7C8F6C001DE837 /* Project object */;
}
